
Microsoft Visual Studio Solution File, Format Version 12.00
# Visual Studio 2012
Project("{FAE04EC0-301F-11D3-BF4B-00C04F79EFBC}") = "GridViewBug.Core", "GridViewBug.Core\GridViewBug.Core.csproj", "{8E79A96F-4D1E-44E8-94AB-BB4062E30EDB}"
EndProject
Project("{FAE04EC0-301F-11D3-BF4B-00C04F79EFBC}") = "GridViewBug.Droid", "GridViewBug.Droid\GridViewBug.Droid.csproj", "{5E326DA0-34E5-485C-9F02-6056DBC742F4}"
EndProject
Global
	GlobalSection(SolutionConfigurationPlatforms) = preSolution
		Debug|Any CPU = Debug|Any CPU
		Release|Any CPU = Release|Any CPU
	EndGlobalSection
	GlobalSection(ProjectConfigurationPlatforms) = postSolution
		{8E79A96F-4D1E-44E8-94AB-BB4062E30EDB}.Debug|Any CPU.ActiveCfg = Debug|Any CPU
		{8E79A96F-4D1E-44E8-94AB-BB4062E30EDB}.Debug|Any CPU.Build.0 = Debug|Any CPU
		{8E79A96F-4D1E-44E8-94AB-BB4062E30EDB}.Release|Any CPU.ActiveCfg = Release|Any CPU
		{8E79A96F-4D1E-44E8-94AB-BB4062E30EDB}.Release|Any CPU.Build.0 = Release|Any CPU
		{5E326DA0-34E5-485C-9F02-6056DBC742F4}.Debug|Any CPU.ActiveCfg = Debug|Any CPU
		{5E326DA0-34E5-485C-9F02-6056DBC742F4}.Debug|Any CPU.Build.0 = Debug|Any CPU
		{5E326DA0-34E5-485C-9F02-6056DBC742F4}.Debug|Any CPU.Deploy.0 = Debug|Any CPU
		{5E326DA0-34E5-485C-9F02-6056DBC742F4}.Release|Any CPU.ActiveCfg = Release|Any CPU
		{5E326DA0-34E5-485C-9F02-6056DBC742F4}.Release|Any CPU.Build.0 = Release|Any CPU
		{5E326DA0-34E5-485C-9F02-6056DBC742F4}.Release|Any CPU.Deploy.0 = Release|Any CPU
	EndGlobalSection
	GlobalSection(SolutionProperties) = preSolution
		HideSolutionNode = FALSE
	EndGlobalSection
EndGlobal
